{
  "version": 1,
  "dependencies": {
    "net8.0": {
      "Azure.Storage.Blobs": {
        "type": "Direct",
        "requested": "[12.8.0, )",
        "resolved": "12.8.0",
        "contentHash": "LrnOTVdRk2n8obV8Z0R7ZpuFd6SlyxPiX4+M4TyCKbFEJlTPAStewqrXHr4JMDJYzn+b5sr1CMsz75CoHYabhg==",
        "dependencies": {
          "Azure.Storage.Common": "12.7.0",
          "System.Text.Json": "4.6.0"
        }
      },
      "FluentAssertions": {
        "type": "Direct",
        "requested": "[5.10.3, )",
        "resolved": "5.10.3",
        "contentHash": "gVPEVp1hLVqcv+7Q2wiDf7kqCNn7+bQcQ0jbJ2mcRT6CeRoZl1tNkqvzSIhvekyldDptk77j1b03MXTTRIqqpg==",
        "dependencies": {
          "System.Configuration.ConfigurationManager": "4.4.0"
        }
      },
      "HtmlSanitizer": {
        "type": "Direct",
        "requested": "[5.0.372, )",
        "resolved": "5.0.372",
        "contentHash": "Rk6siqO7S1m2dHttEQ8w2sTCEF5HWa5gU/bq8Z2zPALJtstMa9zSYwvuzE5ag2Hndj57Bn5iNAaYGih+EUkqRQ==",
        "dependencies": {
          "AngleSharp": "[0.14.0]",
          "AngleSharp.Css": "[0.14.2]"
        }
      },
      "iTextSharp": {
        "type": "Direct",
        "requested": "[5.5.13.1, )",
        "resolved": "5.5.13.1",
        "contentHash": "xqzsYEYW/nMDjCtAXM5cl9fWil/Ju3HEGbsmoTKtltJc3M/9HNJzg++bCIOHm5uZITvRmZJWMO+S2u1yNG0gQg=="
      },
      "SecurityCodeScan.VS2019": {
        "type": "Direct",
        "requested": "[5.6.7, )",
        "resolved": "5.6.7",
        "contentHash": "WIE9RJswdSc2j+rLz2gW6U+gMUjMHzY2j7C/CL8/R2olXNM/+twarfMnWqm+rZodDBvaYDApJyxM8mVYf9FGrQ=="
      },
      "System.IdentityModel.Tokens.Jwt": {
        "type": "Direct",
        "requested": "[6.10.0, )",
        "resolved": "6.10.0",
        "contentHash": "C+Q5ORsFycRkRuvy/Xd0Pv5xVpmWSAvQYZAGs7VQogmkqlLhvfZXTgBIlHqC3cxkstSoLJAYx6xZB7foQ2y5eg==",
        "dependencies": {
          "Microsoft.IdentityModel.JsonWebTokens": "6.10.0",
          "Microsoft.IdentityModel.Tokens": "6.10.0"
        }
      },
      "AngleSharp": {
        "type": "Transitive",
        "resolved": "0.14.0",
        "contentHash": "34w9I7nyszfEYBY8g7T3B0AtWlOivNh+QoWc3KECRwbmcNyqWmb4huihtmpH2Ds7rIRRHMMPv9yfPBxxjBn03g==",
        "dependencies": {
          "System.Text.Encoding.CodePages": "4.5.0"
        }
      },
      "AngleSharp.Css": {
        "type": "Transitive",
        "resolved": "0.14.2",
        "contentHash": "2USpPu9V/+1iBwHpanBsqr1eR+3vxKe19ZsnejbZfxNOadsMvUUkJ+0OjMsQmT0ExSW4vjCKXq9K/JWv0ie8JQ==",
        "dependencies": {
          "AngleSharp": "0.14.0"
        }
      },
      "Azure.Core": {
        "type": "Transitive",
        "resolved": "1.8.1",
        "contentHash": "BoGOCcdRa4ngAxBcyyndauFWgId6/SETDJnd9+4iHtXZ9JsVA4hs8pvK0H2ml4MHWwaYPmpepd70reAUm2u52g==",
        "dependencies": {
          "Microsoft.Bcl.AsyncInterfaces": "1.0.0",
          "System.Buffers": "4.5.0",
          "System.Diagnostics.DiagnosticSource": "4.6.0",
          "System.Memory": "4.5.3",
          "System.Numerics.Vectors": "4.5.0",
          "System.Text.Json": "4.6.0",
          "System.Threading.Tasks.Extensions": "4.5.2"
        }
      },
      "Azure.Storage.Common": {
        "type": "Transitive",
        "resolved": "12.7.0",
        "contentHash": "w2hcSk80NbkUIvb0x81zYAvpx7RzhRVJjWterjYpEI9DRNLoqxap3b7LOSnLfcA5jgSVaeKlOZzneUrXx7+wnA==",
        "dependencies": {
          "Azure.Core": "1.8.1"
        }
      },
      "Microsoft.Bcl.AsyncInterfaces": {
        "type": "Transitive",
        "resolved": "1.0.0",
        "contentHash": "K63Y4hORbBcKLWH5wnKgzyn7TOfYzevIEwIedQHBIkmkEBA9SCqgvom+XTuE+fAFGvINGkhFItaZ2dvMGdT5iw=="
      },
      "Microsoft.CSharp": {
        "type": "Transitive",
        "resolved": "4.5.0",
        "contentHash": "kaj6Wb4qoMuH3HySFJhxwQfe8R/sJsNJnANrvv8WdFPMoNbKY5htfNscv+LHCu5ipz+49m2e+WQXpLXr9XYemQ=="
      },
      "Microsoft.IdentityModel.JsonWebTokens": {
        "type": "Transitive",
        "resolved": "6.10.0",
        "contentHash": "0qjS31rN1MQTc46tAYbzmMTSRfdV5ndZxSjYxIGqKSidd4wpNJfNII/pdhU5Fx8olarQoKL9lqqYw4yNOIwT0Q==",
        "dependencies": {
          "Microsoft.IdentityModel.Tokens": "6.10.0"
        }
      },
      "Microsoft.IdentityModel.Logging": {
        "type": "Transitive",
        "resolved": "6.10.0",
        "contentHash": "zbcwV6esnNzhZZ/VP87dji6VrUBLB5rxnZBkDMqNYpyG+nrBnBsbm4PUYLCBMUflHCM9EMLDG0rLnqqT+l0ldA=="
      },
      "Microsoft.IdentityModel.Tokens": {
        "type": "Transitive",
        "resolved": "6.10.0",
        "contentHash": "qbf1NslutDB4oLrriYTJpy7oB1pbh2ej2lEHd2IPDQH9C74ysOdhU5wAC7KoXblldbo7YsNR2QYFOqQM/b0Rsg==",
        "dependencies": {
          "Microsoft.CSharp": "4.5.0",
          "Microsoft.IdentityModel.Logging": "6.10.0",
          "System.Security.Cryptography.Cng": "4.5.0"
        }
      },
      "Microsoft.NETCore.Platforms": {
        "type": "Transitive",
        "resolved": "2.0.0",
        "contentHash": "VdLJOCXhZaEMY7Hm2GKiULmn7IEPFE4XC5LPSfBVCUIA8YLZVh846gtfBJalsPQF2PlzdD7ecX7DZEulJ402ZQ=="
      },
      "System.Buffers": {
        "type": "Transitive",
        "resolved": "4.5.0",
        "contentHash": "pL2ChpaRRWI/p4LXyy4RgeWlYF2sgfj/pnVMvBqwNFr5cXg7CXNnWZWxrOONLg8VGdFB8oB+EG2Qw4MLgTOe+A=="
      },
      "System.Configuration.ConfigurationManager": {
        "type": "Transitive",
        "resolved": "4.4.0",
        "contentHash": "gWwQv/Ug1qWJmHCmN17nAbxJYmQBM/E94QxKLksvUiiKB1Ld3Sc/eK1lgmbSjDFxkQhVuayI/cGFZhpBSodLrg==",
        "dependencies": {
          "System.Security.Cryptography.ProtectedData": "4.4.0"
        }
      },
      "System.Diagnostics.DiagnosticSource": {
        "type": "Transitive",
        "resolved": "4.6.0",
        "contentHash": "mbBgoR0rRfl2uimsZ2avZY8g7Xnh1Mza0rJZLPcxqiMWlkGukjmRkuMJ/er+AhQuiRIh80CR/Hpeztr80seV5g=="
      },
      "System.Memory": {
        "type": "Transitive",
        "resolved": "4.5.3",
        "contentHash": "3oDzvc/zzetpTKWMShs1AADwZjQ/36HnsufHRPcOjyRAAMLDlu2iD33MBI2opxnezcVUtXyqDXXjoFMOU9c7SA=="
      },
      "System.Numerics.Vectors": {
        "type": "Transitive",
        "resolved": "4.5.0",
        "contentHash": "QQTlPTl06J/iiDbJCiepZ4H//BVraReU4O4EoRw1U02H5TLUIT7xn3GnDp9AXPSlJUDyFs4uWjWafNX6WrAojQ=="
      },
      "System.Runtime.CompilerServices.Unsafe": {
        "type": "Transitive",
        "resolved": "4.5.0",
        "contentHash": "YrzNWduCDHhUaSRBxHxL11UkM2fD6y8hITHis4/LbQZ6vj3vdRjoH3IoPWWC9uDXK2wHIqn+b5gv1Np/VKyM1g=="
      },
      "System.Security.Cryptography.Cng": {
        "type": "Transitive",
        "resolved": "4.5.0",
        "contentHash": "WG3r7EyjUe9CMPFSs6bty5doUqT+q9pbI80hlNzo2SkPkZ4VTuZkGWjpp77JB8+uaL4DFPRdBsAY+DX3dBK92A=="
      },
      "System.Security.Cryptography.ProtectedData": {
        "type": "Transitive",
        "resolved": "4.4.0",
        "contentHash": "cJV7ScGW7EhatRsjehfvvYVBvtiSMKgN8bOVI0bQhnF5bU7vnHVIsH49Kva7i7GWaWYvmEzkYVk1TC+gZYBEog=="
      },
      "System.Text.Encoding.CodePages": {
        "type": "Transitive",
        "resolved": "4.5.0",
        "contentHash": "S0wEUiKcLvRlkFUXca8uio1UQ5bYQzYgOmOKtCqaBQC3GR9AJjh43otcM32IGsAyvadFTaAMw9Irm6dS4Evfng==",
        "dependencies": {
          "Microsoft.NETCore.Platforms": "2.0.0",
          "System.Runtime.CompilerServices.Unsafe": "4.5.0"
        }
      },
      "System.Text.Json": {
        "type": "Transitive",
        "resolved": "4.6.0",
        "contentHash": "4F8Xe+JIkVoDJ8hDAZ7HqLkjctN/6WItJIzQaifBwClC7wmoLSda/Sv2i6i1kycqDb3hWF4JCVbpAweyOKHEUA=="
      },
      "System.Threading.Tasks.Extensions": {
        "type": "Transitive",
        "resolved": "4.5.2",
        "contentHash": "BG/TNxDFv0svAzx8OiMXDlsHfGw623BZ8tCXw4YLhDFDvDhNUEV58jKYMGRnkbJNm7c3JNNJDiN7JBMzxRBR2w=="
      }
    }
  }
}